
Microsoft Visual Studio Solution File, Format Version 12.00
# Visual Studio Version 16
VisualStudioVersion = 16.0.29102.190
MinimumVisualStudioVersion = 10.0.40219.1
Project("{FAE04EC0-301F-11D3-BF4B-00C04F79EFBC}") = "tukar_jarak", "tukar-jarak\tukar_jarak.csproj", "{11A5E8F4-9F90-47A6-88B2-4FECDC01F7C1}"
EndProject
Global
	GlobalSection(SolutionConfigurationPlatforms) = preSolution
		Debug|Any CPU = Debug|Any CPU
		Release|Any CPU = Release|Any CPU
	EndGlobalSection
	GlobalSection(ProjectConfigurationPlatforms) = postSolution
		{11A5E8F4-9F90-47A6-88B2-4FECDC01F7C1}.Debug|Any CPU.ActiveCfg = Debug|Any CPU
		{11A5E8F4-9F90-47A6-88B2-4FECDC01F7C1}.Debug|Any CPU.Build.0 = Debug|Any CPU
		{11A5E8F4-9F90-47A6-88B2-4FECDC01F7C1}.Release|Any CPU.ActiveCfg = Release|Any CPU
		{11A5E8F4-9F90-47A6-88B2-4FECDC01F7C1}.Release|Any CPU.Build.0 = Release|Any CPU
	EndGlobalSection
	GlobalSection(SolutionProperties) = preSolution
		HideSolutionNode = FALSE
	EndGlobalSection
	GlobalSection(ExtensibilityGlobals) = postSolution
		SolutionGuid = {137D9DAB-0302-485B-BD10-1B88678AF50C}
	EndGlobalSection
EndGlobal
