
Microsoft Visual Studio Solution File, Format Version 12.00
# Visual Studio Version 16
VisualStudioVersion = 16.0.29102.190
MinimumVisualStudioVersion = 10.0.40219.1
Project("{FAE04EC0-301F-11D3-BF4B-00C04F79EFBC}") = "abstrak", "abstrak\abstrak.csproj", "{008E0EDF-3D32-435D-A4C2-0C11B7889653}"
EndProject
Global
	GlobalSection(SolutionConfigurationPlatforms) = preSolution
		Debug|Any CPU = Debug|Any CPU
		Release|Any CPU = Release|Any CPU
	EndGlobalSection
	GlobalSection(ProjectConfigurationPlatforms) = postSolution
		{008E0EDF-3D32-435D-A4C2-0C11B7889653}.Debug|Any CPU.ActiveCfg = Debug|Any CPU
		{008E0EDF-3D32-435D-A4C2-0C11B7889653}.Debug|Any CPU.Build.0 = Debug|Any CPU
		{008E0EDF-3D32-435D-A4C2-0C11B7889653}.Release|Any CPU.ActiveCfg = Release|Any CPU
		{008E0EDF-3D32-435D-A4C2-0C11B7889653}.Release|Any CPU.Build.0 = Release|Any CPU
	EndGlobalSection
	GlobalSection(SolutionProperties) = preSolution
		HideSolutionNode = FALSE
	EndGlobalSection
	GlobalSection(ExtensibilityGlobals) = postSolution
		SolutionGuid = {C1918BD5-ED4E-45AE-B0AF-41BB04D2B419}
	EndGlobalSection
EndGlobal
