
Microsoft Visual Studio Solution File, Format Version 12.00
# Visual Studio Version 16
VisualStudioVersion = 16.0.29209.152
MinimumVisualStudioVersion = 10.0.40219.1
Project("{FAE04EC0-301F-11D3-BF4B-00C04F79EFBC}") = "RumahTangga", "RumahTangga\RumahTangga.csproj", "{B0527316-047B-4229-9CAD-6B14D67AF119}"
EndProject
Global
	GlobalSection(SolutionConfigurationPlatforms) = preSolution
		Debug|Any CPU = Debug|Any CPU
		Release|Any CPU = Release|Any CPU
	EndGlobalSection
	GlobalSection(ProjectConfigurationPlatforms) = postSolution
		{B0527316-047B-4229-9CAD-6B14D67AF119}.Debug|Any CPU.ActiveCfg = Debug|Any CPU
		{B0527316-047B-4229-9CAD-6B14D67AF119}.Debug|Any CPU.Build.0 = Debug|Any CPU
		{B0527316-047B-4229-9CAD-6B14D67AF119}.Release|Any CPU.ActiveCfg = Release|Any CPU
		{B0527316-047B-4229-9CAD-6B14D67AF119}.Release|Any CPU.Build.0 = Release|Any CPU
	EndGlobalSection
	GlobalSection(SolutionProperties) = preSolution
		HideSolutionNode = FALSE
	EndGlobalSection
	GlobalSection(ExtensibilityGlobals) = postSolution
		SolutionGuid = {3747AF32-2EB8-425B-8B1A-6BAD1466E1D2}
	EndGlobalSection
EndGlobal
