
Microsoft Visual Studio Solution File, Format Version 12.00
# Visual Studio Version 16
VisualStudioVersion = 16.0.29102.190
MinimumVisualStudioVersion = 10.0.40219.1
Project("{FAE04EC0-301F-11D3-BF4B-00C04F79EFBC}") = "Berat Badan", "Berat Badan\Berat Badan.csproj", "{107C74C8-C58D-4485-B810-612A4545D196}"
EndProject
Global
	GlobalSection(SolutionConfigurationPlatforms) = preSolution
		Debug|Any CPU = Debug|Any CPU
		Release|Any CPU = Release|Any CPU
	EndGlobalSection
	GlobalSection(ProjectConfigurationPlatforms) = postSolution
		{107C74C8-C58D-4485-B810-612A4545D196}.Debug|Any CPU.ActiveCfg = Debug|Any CPU
		{107C74C8-C58D-4485-B810-612A4545D196}.Debug|Any CPU.Build.0 = Debug|Any CPU
		{107C74C8-C58D-4485-B810-612A4545D196}.Release|Any CPU.ActiveCfg = Release|Any CPU
		{107C74C8-C58D-4485-B810-612A4545D196}.Release|Any CPU.Build.0 = Release|Any CPU
	EndGlobalSection
	GlobalSection(SolutionProperties) = preSolution
		HideSolutionNode = FALSE
	EndGlobalSection
	GlobalSection(ExtensibilityGlobals) = postSolution
		SolutionGuid = {CBEF329A-962C-4905-B1FD-59BB962AADE6}
	EndGlobalSection
EndGlobal
