
Microsoft Visual Studio Solution File, Format Version 12.00
# Visual Studio Version 16
VisualStudioVersion = 16.0.29209.152
MinimumVisualStudioVersion = 10.0.40219.1
Project("{FAE04EC0-301F-11D3-BF4B-00C04F79EFBC}") = "Njejjal", "Njejjal\Njejjal.csproj", "{4727F092-4C1C-4DA9-82FC-38F89D3BCAF1}"
EndProject
Global
	GlobalSection(SolutionConfigurationPlatforms) = preSolution
		Debug|Any CPU = Debug|Any CPU
		Release|Any CPU = Release|Any CPU
	EndGlobalSection
	GlobalSection(ProjectConfigurationPlatforms) = postSolution
		{4727F092-4C1C-4DA9-82FC-38F89D3BCAF1}.Debug|Any CPU.ActiveCfg = Debug|Any CPU
		{4727F092-4C1C-4DA9-82FC-38F89D3BCAF1}.Debug|Any CPU.Build.0 = Debug|Any CPU
		{4727F092-4C1C-4DA9-82FC-38F89D3BCAF1}.Release|Any CPU.ActiveCfg = Release|Any CPU
		{4727F092-4C1C-4DA9-82FC-38F89D3BCAF1}.Release|Any CPU.Build.0 = Release|Any CPU
	EndGlobalSection
	GlobalSection(SolutionProperties) = preSolution
		HideSolutionNode = FALSE
	EndGlobalSection
	GlobalSection(ExtensibilityGlobals) = postSolution
		SolutionGuid = {F66F6152-67BF-4F53-B64D-833695F46B8C}
	EndGlobalSection
EndGlobal
