
Microsoft Visual Studio Solution File, Format Version 12.00
# Visual Studio Version 16
VisualStudioVersion = 16.0.29102.190
MinimumVisualStudioVersion = 10.0.40219.1
Project("{FAE04EC0-301F-11D3-BF4B-00C04F79EFBC}") = "kalkulator", "kalkulator\kalkulator.csproj", "{F6EF5B89-CFCD-466B-BD2E-CC9843C7C337}"
EndProject
Global
	GlobalSection(SolutionConfigurationPlatforms) = preSolution
		Debug|Any CPU = Debug|Any CPU
		Release|Any CPU = Release|Any CPU
	EndGlobalSection
	GlobalSection(ProjectConfigurationPlatforms) = postSolution
		{F6EF5B89-CFCD-466B-BD2E-CC9843C7C337}.Debug|Any CPU.ActiveCfg = Debug|Any CPU
		{F6EF5B89-CFCD-466B-BD2E-CC9843C7C337}.Debug|Any CPU.Build.0 = Debug|Any CPU
		{F6EF5B89-CFCD-466B-BD2E-CC9843C7C337}.Release|Any CPU.ActiveCfg = Release|Any CPU
		{F6EF5B89-CFCD-466B-BD2E-CC9843C7C337}.Release|Any CPU.Build.0 = Release|Any CPU
	EndGlobalSection
	GlobalSection(SolutionProperties) = preSolution
		HideSolutionNode = FALSE
	EndGlobalSection
	GlobalSection(ExtensibilityGlobals) = postSolution
		SolutionGuid = {41084737-1A7A-4F4C-8786-582BF48CA2FF}
	EndGlobalSection
EndGlobal
