
Microsoft Visual Studio Solution File, Format Version 12.00
# Visual Studio Version 16
VisualStudioVersion = 16.0.29324.140
MinimumVisualStudioVersion = 10.0.40219.1
Project("{FAE04EC0-301F-11D3-BF4B-00C04F79EFBC}") = "ArrayListProject", "ArrayListProject\ArrayListProject.csproj", "{24847232-6540-4533-A0DA-CCF76B4BEC2D}"
EndProject
Global
	GlobalSection(SolutionConfigurationPlatforms) = preSolution
		Debug|Any CPU = Debug|Any CPU
		Release|Any CPU = Release|Any CPU
	EndGlobalSection
	GlobalSection(ProjectConfigurationPlatforms) = postSolution
		{24847232-6540-4533-A0DA-CCF76B4BEC2D}.Debug|Any CPU.ActiveCfg = Debug|Any CPU
		{24847232-6540-4533-A0DA-CCF76B4BEC2D}.Debug|Any CPU.Build.0 = Debug|Any CPU
		{24847232-6540-4533-A0DA-CCF76B4BEC2D}.Release|Any CPU.ActiveCfg = Release|Any CPU
		{24847232-6540-4533-A0DA-CCF76B4BEC2D}.Release|Any CPU.Build.0 = Release|Any CPU
	EndGlobalSection
	GlobalSection(SolutionProperties) = preSolution
		HideSolutionNode = FALSE
	EndGlobalSection
	GlobalSection(ExtensibilityGlobals) = postSolution
		SolutionGuid = {6A33175A-2D77-4E04-B129-9900BD1E9734}
	EndGlobalSection
EndGlobal
