
Microsoft Visual Studio Solution File, Format Version 12.00
# Visual Studio Version 16
VisualStudioVersion = 16.0.29209.152
MinimumVisualStudioVersion = 10.0.40219.1
Project("{FAE04EC0-301F-11D3-BF4B-00C04F79EFBC}") = "Suhu", "Suhu\Suhu.csproj", "{F1718A07-0984-44EC-8B6A-578B0012619F}"
EndProject
Global
	GlobalSection(SolutionConfigurationPlatforms) = preSolution
		Debug|Any CPU = Debug|Any CPU
		Release|Any CPU = Release|Any CPU
	EndGlobalSection
	GlobalSection(ProjectConfigurationPlatforms) = postSolution
		{F1718A07-0984-44EC-8B6A-578B0012619F}.Debug|Any CPU.ActiveCfg = Debug|Any CPU
		{F1718A07-0984-44EC-8B6A-578B0012619F}.Debug|Any CPU.Build.0 = Debug|Any CPU
		{F1718A07-0984-44EC-8B6A-578B0012619F}.Release|Any CPU.ActiveCfg = Release|Any CPU
		{F1718A07-0984-44EC-8B6A-578B0012619F}.Release|Any CPU.Build.0 = Release|Any CPU
	EndGlobalSection
	GlobalSection(SolutionProperties) = preSolution
		HideSolutionNode = FALSE
	EndGlobalSection
	GlobalSection(ExtensibilityGlobals) = postSolution
		SolutionGuid = {356B77FD-A524-4E28-BBD4-FCECE4083E63}
	EndGlobalSection
EndGlobal
