
Microsoft Visual Studio Solution File, Format Version 12.00
# Visual Studio Version 16
VisualStudioVersion = 16.0.29102.190
MinimumVisualStudioVersion = 10.0.40219.1
Project("{FAE04EC0-301F-11D3-BF4B-00C04F79EFBC}") = "Data Siswa", "Data Siswa\Data Siswa.csproj", "{8C57EC23-308A-455B-83A8-F53832639A78}"
EndProject
Global
	GlobalSection(SolutionConfigurationPlatforms) = preSolution
		Debug|Any CPU = Debug|Any CPU
		Release|Any CPU = Release|Any CPU
	EndGlobalSection
	GlobalSection(ProjectConfigurationPlatforms) = postSolution
		{8C57EC23-308A-455B-83A8-F53832639A78}.Debug|Any CPU.ActiveCfg = Debug|Any CPU
		{8C57EC23-308A-455B-83A8-F53832639A78}.Debug|Any CPU.Build.0 = Debug|Any CPU
		{8C57EC23-308A-455B-83A8-F53832639A78}.Release|Any CPU.ActiveCfg = Release|Any CPU
		{8C57EC23-308A-455B-83A8-F53832639A78}.Release|Any CPU.Build.0 = Release|Any CPU
	EndGlobalSection
	GlobalSection(SolutionProperties) = preSolution
		HideSolutionNode = FALSE
	EndGlobalSection
	GlobalSection(ExtensibilityGlobals) = postSolution
		SolutionGuid = {D47E8DC5-8EEA-4FFA-BFC1-6761F74CA4EE}
	EndGlobalSection
EndGlobal
